
Microsoft Visual Studio Solution File, Format Version 12.00
# Visual Studio Version 16
VisualStudioVersion = 16.0.30128.74
MinimumVisualStudioVersion = 10.0.40219.1
Project("{9A19103F-16F7-4668-BE54-9A1E7A4F7556}") = "MediiSiPlatformeDeDezvoltareAvansate.Business", "MediiSiPlatformeDeDezvoltareAvansate\MediiSiPlatformeDeDezvoltareAvansate.Business.csproj", "{CA468345-1F85-4A56-8E5E-63E90FD7F10D}"
EndProject
Project("{9A19103F-16F7-4668-BE54-9A1E7A4F7556}") = "MediiSiPlatformeDeDezvoltareAvansate.UI", "MediiSiPlatformeDeDezvoltareAvansate.UI\MediiSiPlatformeDeDezvoltareAvansate.UI.csproj", "{9D9EA51A-3324-471A-92E6-3E3E5279EFBB}"
EndProject
Project("{FAE04EC0-301F-11D3-BF4B-00C04F79EFBC}") = "MediiSiPlatformeDeDezvoltareAvansate.Tests", "MediiSiPlatformeDeDezvoltareAvansate.Tests\MediiSiPlatformeDeDezvoltareAvansate.Tests.csproj", "{3F5F16B2-80AF-40E2-B00D-9A0F3179B61F}"
EndProject
Global
	GlobalSection(SolutionConfigurationPlatforms) = preSolution
		Debug|Any CPU = Debug|Any CPU
		Release|Any CPU = Release|Any CPU
	EndGlobalSection
	GlobalSection(ProjectConfigurationPlatforms) = postSolution
		{CA468345-1F85-4A56-8E5E-63E90FD7F10D}.Debug|Any CPU.ActiveCfg = Debug|Any CPU
		{CA468345-1F85-4A56-8E5E-63E90FD7F10D}.Debug|Any CPU.Build.0 = Debug|Any CPU
		{CA468345-1F85-4A56-8E5E-63E90FD7F10D}.Release|Any CPU.ActiveCfg = Release|Any CPU
		{CA468345-1F85-4A56-8E5E-63E90FD7F10D}.Release|Any CPU.Build.0 = Release|Any CPU
		{9D9EA51A-3324-471A-92E6-3E3E5279EFBB}.Debug|Any CPU.ActiveCfg = Debug|Any CPU
		{9D9EA51A-3324-471A-92E6-3E3E5279EFBB}.Debug|Any CPU.Build.0 = Debug|Any CPU
		{9D9EA51A-3324-471A-92E6-3E3E5279EFBB}.Release|Any CPU.ActiveCfg = Release|Any CPU
		{9D9EA51A-3324-471A-92E6-3E3E5279EFBB}.Release|Any CPU.Build.0 = Release|Any CPU
		{3F5F16B2-80AF-40E2-B00D-9A0F3179B61F}.Debug|Any CPU.ActiveCfg = Debug|Any CPU
		{3F5F16B2-80AF-40E2-B00D-9A0F3179B61F}.Debug|Any CPU.Build.0 = Debug|Any CPU
		{3F5F16B2-80AF-40E2-B00D-9A0F3179B61F}.Release|Any CPU.ActiveCfg = Release|Any CPU
		{3F5F16B2-80AF-40E2-B00D-9A0F3179B61F}.Release|Any CPU.Build.0 = Release|Any CPU
	EndGlobalSection
	GlobalSection(SolutionProperties) = preSolution
		HideSolutionNode = FALSE
	EndGlobalSection
	GlobalSection(ExtensibilityGlobals) = postSolution
		SolutionGuid = {930E8CA5-EA3F-44FE-80AE-6A0EE1A4EC11}
	EndGlobalSection
EndGlobal
